
Microsoft Visual Studio Solution File, Format Version 12.00
# Visual Studio Version 17
VisualStudioVersion = 17.4.33213.308
MinimumVisualStudioVersion = 10.0.40219.1
Project("{FAE04EC0-301F-11D3-BF4B-00C04F79EFBC}") = "Задание 2", "Задание 2\Задание 2.csproj", "{A0918E32-05C9-46C5-8EF0-B13FCE55FE53}"
EndProject
Global
	GlobalSection(SolutionConfigurationPlatforms) = preSolution
		Debug|Any CPU = Debug|Any CPU
		Release|Any CPU = Release|Any CPU
	EndGlobalSection
	GlobalSection(ProjectConfigurationPlatforms) = postSolution
		{A0918E32-05C9-46C5-8EF0-B13FCE55FE53}.Debug|Any CPU.ActiveCfg = Debug|Any CPU
		{A0918E32-05C9-46C5-8EF0-B13FCE55FE53}.Debug|Any CPU.Build.0 = Debug|Any CPU
		{A0918E32-05C9-46C5-8EF0-B13FCE55FE53}.Release|Any CPU.ActiveCfg = Release|Any CPU
		{A0918E32-05C9-46C5-8EF0-B13FCE55FE53}.Release|Any CPU.Build.0 = Release|Any CPU
	EndGlobalSection
	GlobalSection(SolutionProperties) = preSolution
		HideSolutionNode = FALSE
	EndGlobalSection
	GlobalSection(ExtensibilityGlobals) = postSolution
		SolutionGuid = {7F66072B-449C-4932-A48E-61CF9041644E}
	EndGlobalSection
EndGlobal
